// !$*UTF8*$!
{
	archiveVersion = 1;
	classes = {
	};
	objectVersion = 55;
	objects = {

/* Begin PBXBuildFile section */
		017A49902C7D299A00EB5F11 /* APIErrors.swift in Sources */ = {isa = PBXBuildFile; fileRef = 017A498F2C7D299A00EB5F11 /* APIErrors.swift */; };
		019C68EF2C7E159E000FA98E /* DataManager.swift in Sources */ = {isa = PBXBuildFile; fileRef = 019C68EE2C7E159E000FA98E /* DataManager.swift */; };
		BC02F6AE28C63B5D00066CEF /* WeatherApp.swift in Sources */ = {isa = PBXBuildFile; fileRef = BC02F6AD28C63B5D00066CEF /* WeatherApp.swift */; };
		BC02F6B528C63B5F00066CEF /* Preview Assets.xcassets in Resources */ = {isa = PBXBuildFile; fileRef = BC02F6B428C63B5F00066CEF /* Preview Assets.xcassets */; };
		BC02F6BD28C63BC200066CEF /* SearchView.swift in Sources */ = {isa = PBXBuildFile; fileRef = BC02F6BC28C63BC200066CEF /* SearchView.swift */; };
		BC02F6C228C63EC000066CEF /* Assets.xcassets in Resources */ = {isa = PBXBuildFile; fileRef = BC02F6C128C63EC000066CEF /* Assets.xcassets */; };
		BC02F6C428C648F100066CEF /* WeatherDetailsView.swift in Sources */ = {isa = PBXBuildFile; fileRef = BC02F6C328C648F100066CEF /* WeatherDetailsView.swift */; };
		BC1AECBB28D0BDBB0096A623 /* WeatherDetailViewModel.swift in Sources */ = {isa = PBXBuildFile; fileRef = BC1AECBA28D0BDBB0096A623 /* WeatherDetailViewModel.swift */; };
		BC5A39E528C871A400023C30 /* SearchViewModel.swift in Sources */ = {isa = PBXBuildFile; fileRef = BC5A39E428C871A400023C30 /* SearchViewModel.swift */; };
		BC68F82528C8D9850044D476 /* WeatherAPI.swift in Sources */ = {isa = PBXBuildFile; fileRef = BC68F82428C8D9850044D476 /* WeatherAPI.swift */; };
		BCB77CBF28C873350077B939 /* ForecastModel.swift in Sources */ = {isa = PBXBuildFile; fileRef = BCB77CBE28C873350077B939 /* ForecastModel.swift */; };
/* End PBXBuildFile section */

/* Begin PBXFileReference section */
		017A498F2C7D299A00EB5F11 /* APIErrors.swift */ = {isa = PBXFileReference; lastKnownFileType = sourcecode.swift; path = APIErrors.swift; sourceTree = "<group>"; };
		019C68EE2C7E159E000FA98E /* DataManager.swift */ = {isa = PBXFileReference; lastKnownFileType = sourcecode.swift; path = DataManager.swift; sourceTree = "<group>"; };
		BC02F6AA28C63B5D00066CEF /* Weather.app */ = {isa = PBXFileReference; explicitFileType = wrapper.application; includeInIndex = 0; path = Weather.app; sourceTree = BUILT_PRODUCTS_DIR; };
		BC02F6AD28C63B5D00066CEF /* WeatherApp.swift */ = {isa = PBXFileReference; lastKnownFileType = sourcecode.swift; path = WeatherApp.swift; sourceTree = "<group>"; };
		BC02F6B428C63B5F00066CEF /* Preview Assets.xcassets */ = {isa = PBXFileReference; lastKnownFileType = folder.assetcatalog; path = "Preview Assets.xcassets"; sourceTree = "<group>"; };
		BC02F6BC28C63BC200066CEF /* SearchView.swift */ = {isa = PBXFileReference; lastKnownFileType = sourcecode.swift; path = SearchView.swift; sourceTree = "<group>"; };
		BC02F6C128C63EC000066CEF /* Assets.xcassets */ = {isa = PBXFileReference; lastKnownFileType = folder.assetcatalog; path = Assets.xcassets; sourceTree = "<group>"; };
		BC02F6C328C648F100066CEF /* WeatherDetailsView.swift */ = {isa = PBXFileReference; lastKnownFileType = sourcecode.swift; path = WeatherDetailsView.swift; sourceTree = "<group>"; };
		BC1AECBA28D0BDBB0096A623 /* WeatherDetailViewModel.swift */ = {isa = PBXFileReference; lastKnownFileType = sourcecode.swift; path = WeatherDetailViewModel.swift; sourceTree = "<group>"; };
		BC5A39E428C871A400023C30 /* SearchViewModel.swift */ = {isa = PBXFileReference; lastKnownFileType = sourcecode.swift; path = SearchViewModel.swift; sourceTree = "<group>"; };
		BC68F82428C8D9850044D476 /* WeatherAPI.swift */ = {isa = PBXFileReference; lastKnownFileType = sourcecode.swift; path = WeatherAPI.swift; sourceTree = "<group>"; };
		BCB77CBE28C873350077B939 /* ForecastModel.swift */ = {isa = PBXFileReference; lastKnownFileType = sourcecode.swift; path = ForecastModel.swift; sourceTree = "<group>"; };
/* End PBXFileReference section */

/* Begin PBXFrameworksBuildPhase section */
		BC02F6A728C63B5D00066CEF /* Frameworks */ = {
			isa = PBXFrameworksBuildPhase;
			buildActionMask = 2147483647;
			files = (
			);
			runOnlyForDeploymentPostprocessing = 0;
		};
/* End PBXFrameworksBuildPhase section */

/* Begin PBXGroup section */
		017A498E2C7D299100EB5F11 /* Helpers */ = {
			isa = PBXGroup;
			children = (
				017A498F2C7D299A00EB5F11 /* APIErrors.swift */,
			);
			path = Helpers;
			sourceTree = "<group>";
		};
		019C68ED2C7E1596000FA98E /* Manager */ = {
			isa = PBXGroup;
			children = (
				BC68F82428C8D9850044D476 /* WeatherAPI.swift */,
				019C68EE2C7E159E000FA98E /* DataManager.swift */,
			);
			path = Manager;
			sourceTree = "<group>";
		};
		BC02F6A128C63B5D00066CEF = {
			isa = PBXGroup;
			children = (
				BC02F6AC28C63B5D00066CEF /* Weather */,
				BC02F6AB28C63B5D00066CEF /* Products */,
			);
			sourceTree = "<group>";
		};
		BC02F6AB28C63B5D00066CEF /* Products */ = {
			isa = PBXGroup;
			children = (
				BC02F6AA28C63B5D00066CEF /* Weather.app */,
			);
			name = Products;
			sourceTree = "<group>";
		};
		BC02F6AC28C63B5D00066CEF /* Weather */ = {
			isa = PBXGroup;
			children = (
				019C68ED2C7E1596000FA98E /* Manager */,
				017A498E2C7D299100EB5F11 /* Helpers */,
				BCB77CBD28C872A10077B939 /* ViewModel */,
				BC5A39E328C8717700023C30 /* Model */,
				BC02F6BB28C63B8300066CEF /* Views */,
				BC02F6AD28C63B5D00066CEF /* WeatherApp.swift */,
				BC02F6C128C63EC000066CEF /* Assets.xcassets */,
				BC02F6B328C63B5F00066CEF /* Preview Content */,
			);
			path = Weather;
			sourceTree = "<group>";
		};
		BC02F6B328C63B5F00066CEF /* Preview Content */ = {
			isa = PBXGroup;
			children = (
				BC02F6B428C63B5F00066CEF /* Preview Assets.xcassets */,
			);
			path = "Preview Content";
			sourceTree = "<group>";
		};
		BC02F6BB28C63B8300066CEF /* Views */ = {
			isa = PBXGroup;
			children = (
				BC02F6BC28C63BC200066CEF /* SearchView.swift */,
				BC02F6C328C648F100066CEF /* WeatherDetailsView.swift */,
			);
			path = Views;
			sourceTree = "<group>";
		};
		BC5A39E328C8717700023C30 /* Model */ = {
			isa = PBXGroup;
			children = (
				BCB77CBE28C873350077B939 /* ForecastModel.swift */,
			);
			path = Model;
			sourceTree = "<group>";
		};
		BCB77CBD28C872A10077B939 /* ViewModel */ = {
			isa = PBXGroup;
			children = (
				BC5A39E428C871A400023C30 /* SearchViewModel.swift */,
				BC1AECBA28D0BDBB0096A623 /* WeatherDetailViewModel.swift */,
			);
			path = ViewModel;
			sourceTree = "<group>";
		};
/* End PBXGroup section */

/* Begin PBXNativeTarget section */
		BC02F6A928C63B5D00066CEF /* Weather */ = {
			isa = PBXNativeTarget;
			buildConfigurationList = BC02F6B828C63B5F00066CEF /* Build configuration list for PBXNativeTarget "Weather" */;
			buildPhases = (
				BC02F6A628C63B5D00066CEF /* Sources */,
				BC02F6A728C63B5D00066CEF /* Frameworks */,
				BC02F6A828C63B5D00066CEF /* Resources */,
			);
			buildRules = (
			);
			dependencies = (
			);
			name = Weather;
			productName = Weather;
			productReference = BC02F6AA28C63B5D00066CEF /* Weather.app */;
			productType = "com.apple.product-type.application";
		};
/* End PBXNativeTarget section */

/* Begin PBXProject section */
		BC02F6A228C63B5D00066CEF /* Project object */ = {
			isa = PBXProject;
			attributes = {
				BuildIndependentTargetsInParallel = 1;
				LastSwiftUpdateCheck = 1340;
				LastUpgradeCheck = 1540;
				TargetAttributes = {
					BC02F6A928C63B5D00066CEF = {
						CreatedOnToolsVersion = 13.4.1;
					};
				};
			};
			buildConfigurationList = BC02F6A528C63B5D00066CEF /* Build configuration list for PBXProject "Weather" */;
			compatibilityVersion = "Xcode 13.0";
			developmentRegion = en;
			hasScannedForEncodings = 0;
			knownRegions = (
				en,
				Base,
			);
			mainGroup = BC02F6A128C63B5D00066CEF;
			productRefGroup = BC02F6AB28C63B5D00066CEF /* Products */;
			projectDirPath = "";
			projectRoot = "";
			targets = (
				BC02F6A928C63B5D00066CEF /* Weather */,
			);
		};
/* End PBXProject section */

/* Begin PBXResourcesBuildPhase section */
		BC02F6A828C63B5D00066CEF /* Resources */ = {
			isa = PBXResourcesBuildPhase;
			buildActionMask = 2147483647;
			files = (
				BC02F6C228C63EC000066CEF /* Assets.xcassets in Resources */,
				BC02F6B528C63B5F00066CEF /* Preview Assets.xcassets in Resources */,
			);
			runOnlyForDeploymentPostprocessing = 0;
		};
/* End PBXResourcesBuildPhase section */

/* Begin PBXSourcesBuildPhase section */
		BC02F6A628C63B5D00066CEF /* Sources */ = {
			isa = PBXSourcesBuildPhase;
			buildActionMask = 2147483647;
			files = (
				BC02F6BD28C63BC200066CEF /* SearchView.swift in Sources */,
				019C68EF2C7E159E000FA98E /* DataManager.swift in Sources */,
				BC68F82528C8D9850044D476 /* WeatherAPI.swift in Sources */,
				BC5A39E528C871A400023C30 /* SearchViewModel.swift in Sources */,
				BC02F6AE28C63B5D00066CEF /* WeatherApp.swift in Sources */,
				BC1AECBB28D0BDBB0096A623 /* WeatherDetailViewModel.swift in Sources */,
				BCB77CBF28C873350077B939 /* ForecastModel.swift in Sources */,
				BC02F6C428C648F100066CEF /* WeatherDetailsView.swift in Sources */,
				017A49902C7D299A00EB5F11 /* APIErrors.swift in Sources */,
			);
			runOnlyForDeploymentPostprocessing = 0;
		};
/* End PBXSourcesBuildPhase section */

/* Begin XCBuildConfiguration section */
		BC02F6B628C63B5F00066CEF /* Debug */ = {
			isa = XCBuildConfiguration;
			buildSettings = {
				ALWAYS_SEARCH_USER_PATHS = NO;
				ASSETCATALOG_COMPILER_GENERATE_SWIFT_ASSET_SYMBOL_EXTENSIONS = YES;
				CLANG_ANALYZER_NONNULL = YES;
				CLANG_ANALYZER_NUMBER_OBJECT_CONVERSION = YES_AGGRESSIVE;
				CLANG_CXX_LANGUAGE_STANDARD = "gnu++17";
				CLANG_ENABLE_MODULES = YES;
				CLANG_ENABLE_OBJC_ARC = YES;
				CLANG_ENABLE_OBJC_WEAK = YES;
				CLANG_WARN_BLOCK_CAPTURE_AUTORELEASING = YES;
				CLANG_WARN_BOOL_CONVERSION = YES;
				CLANG_WARN_COMMA = YES;
				CLANG_WARN_CONSTANT_CONVERSION = YES;
				CLANG_WARN_DEPRECATED_OBJC_IMPLEMENTATIONS = YES;
				CLANG_WARN_DIRECT_OBJC_ISA_USAGE = YES_ERROR;
				CLANG_WARN_DOCUMENTATION_COMMENTS = YES;
				CLANG_WARN_EMPTY_BODY = YES;
				CLANG_WARN_ENUM_CONVERSION = YES;
				CLANG_WARN_INFINITE_RECURSION = YES;
				CLANG_WARN_INT_CONVERSION = YES;
				CLANG_WARN_NON_LITERAL_NULL_CONVERSION = YES;
				CLANG_WARN_OBJC_IMPLICIT_RETAIN_SELF = YES;
				CLANG_WARN_OBJC_LITERAL_CONVERSION = YES;
				CLANG_WARN_OBJC_ROOT_CLASS = YES_ERROR;
				CLANG_WARN_QUOTED_INCLUDE_IN_FRAMEWORK_HEADER = YES;
				CLANG_WARN_RANGE_LOOP_ANALYSIS = YES;
				CLANG_WARN_STRICT_PROTOTYPES = YES;
				CLANG_WARN_SUSPICIOUS_MOVE = YES;
				CLANG_WARN_UNGUARDED_AVAILABILITY = YES_AGGRESSIVE;
				CLANG_WARN_UNREACHABLE_CODE = YES;
				CLANG_WARN__DUPLICATE_METHOD_MATCH = YES;
				COPY_PHASE_STRIP = NO;
				DEBUG_INFORMATION_FORMAT = dwarf;
				ENABLE_STRICT_OBJC_MSGSEND = YES;
				ENABLE_TESTABILITY = YES;
				ENABLE_USER_SCRIPT_SANDBOXING = YES;
				GCC_C_LANGUAGE_STANDARD = gnu11;
				GCC_DYNAMIC_NO_PIC = NO;
				GCC_NO_COMMON_BLOCKS = YES;
				GCC_OPTIMIZATION_LEVEL = 0;
				GCC_PREPROCESSOR_DEFINITIONS = (
					"DEBUG=1",
					"$(inherited)",
				);
				GCC_WARN_64_TO_32_BIT_CONVERSION = YES;
				GCC_WARN_ABOUT_RETURN_TYPE = YES_ERROR;
				GCC_WARN_UNDECLARED_SELECTOR = YES;
				GCC_WARN_UNINITIALIZED_AUTOS = YES_AGGRESSIVE;
				GCC_WARN_UNUSED_FUNCTION = YES;
				GCC_WARN_UNUSED_VARIABLE = YES;
				IPHONEOS_DEPLOYMENT_TARGET = 15.0;
				MTL_ENABLE_DEBUG_INFO = INCLUDE_SOURCE;
				MTL_FAST_MATH = YES;
				ONLY_ACTIVE_ARCH = YES;
				SDKROOT = iphoneos;
				SWIFT_ACTIVE_COMPILATION_CONDITIONS = DEBUG;
				SWIFT_OPTIMIZATION_LEVEL = "-Onone";
			};
			name = Debug;
		};
		BC02F6B728C63B5F00066CEF /* Release */ = {
			isa = XCBuildConfiguration;
			buildSettings = {
				ALWAYS_SEARCH_USER_PATHS = NO;
				ASSETCATALOG_COMPILER_GENERATE_SWIFT_ASSET_SYMBOL_EXTENSIONS = YES;
				CLANG_ANALYZER_NONNULL = YES;
				CLANG_ANALYZER_NUMBER_OBJECT_CONVERSION = YES_AGGRESSIVE;
				CLANG_CXX_LANGUAGE_STANDARD = "gnu++17";
				CLANG_ENABLE_MODULES = YES;
				CLANG_ENABLE_OBJC_ARC = YES;
				CLANG_ENABLE_OBJC_WEAK = YES;
				CLANG_WARN_BLOCK_CAPTURE_AUTORELEASING = YES;
				CLANG_WARN_BOOL_CONVERSION = YES;
				CLANG_WARN_COMMA = YES;
				CLANG_WARN_CONSTANT_CONVERSION = YES;
				CLANG_WARN_DEPRECATED_OBJC_IMPLEMENTATIONS = YES;
				CLANG_WARN_DIRECT_OBJC_ISA_USAGE = YES_ERROR;
				CLANG_WARN_DOCUMENTATION_COMMENTS = YES;
				CLANG_WARN_EMPTY_BODY = YES;
				CLANG_WARN_ENUM_CONVERSION = YES;
				CLANG_WARN_INFINITE_RECURSION = YES;
				CLANG_WARN_INT_CONVERSION = YES;
				CLANG_WARN_NON_LITERAL_NULL_CONVERSION = YES;
				CLANG_WARN_OBJC_IMPLICIT_RETAIN_SELF = YES;
				CLANG_WARN_OBJC_LITERAL_CONVERSION = YES;
				CLANG_WARN_OBJC_ROOT_CLASS = YES_ERROR;
				CLANG_WARN_QUOTED_INCLUDE_IN_FRAMEWORK_HEADER = YES;
				CLANG_WARN_RANGE_LOOP_ANALYSIS = YES;
				CLANG_WARN_STRICT_PROTOTYPES = YES;
				CLANG_WARN_SUSPICIOUS_MOVE = YES;
				CLANG_WARN_UNGUARDED_AVAILABILITY = YES_AGGRESSIVE;
				CLANG_WARN_UNREACHABLE_CODE = YES;
				CLANG_WARN__DUPLICATE_METHOD_MATCH = YES;
				COPY_PHASE_STRIP = NO;
				DEBUG_INFORMATION_FORMAT = "dwarf-with-dsym";
				ENABLE_NS_ASSERTIONS = NO;
				ENABLE_STRICT_OBJC_MSGSEND = YES;
				ENABLE_USER_SCRIPT_SANDBOXING = YES;
				GCC_C_LANGUAGE_STANDARD = gnu11;
				GCC_NO_COMMON_BLOCKS = YES;
				GCC_WARN_64_TO_32_BIT_CONVERSION = YES;
				GCC_WARN_ABOUT_RETURN_TYPE = YES_ERROR;
				GCC_WARN_UNDECLARED_SELECTOR = YES;
				GCC_WARN_UNINITIALIZED_AUTOS = YES_AGGRESSIVE;
				GCC_WARN_UNUSED_FUNCTION = YES;
				GCC_WARN_UNUSED_VARIABLE = YES;
				IPHONEOS_DEPLOYMENT_TARGET = 15.0;
				MTL_ENABLE_DEBUG_INFO = NO;
				MTL_FAST_MATH = YES;
				SDKROOT = iphoneos;
				SWIFT_COMPILATION_MODE = wholemodule;
				SWIFT_OPTIMIZATION_LEVEL = "-O";
				VALIDATE_PRODUCT = YES;
			};
			name = Release;
		};
		BC02F6B928C63B5F00066CEF /* Debug */ = {
			isa = XCBuildConfiguration;
			buildSettings = {
				ASSETCATALOG_COMPILER_APPICON_NAME = AppIcon;
				ASSETCATALOG_COMPILER_GLOBAL_ACCENT_COLOR_NAME = AccentColor;
				CODE_SIGN_STYLE = Automatic;
				CURRENT_PROJECT_VERSION = 1;
				DEVELOPMENT_ASSET_PATHS = "\"Weather/Preview Content\"";
				DEVELOPMENT_TEAM = V975Z3G3HV;
				ENABLE_PREVIEWS = YES;
				GENERATE_INFOPLIST_FILE = YES;
				INFOPLIST_KEY_UIApplicationSceneManifest_Generation = YES;
				INFOPLIST_KEY_UIApplicationSupportsIndirectInputEvents = YES;
				INFOPLIST_KEY_UILaunchScreen_Generation = YES;
				INFOPLIST_KEY_UISupportedInterfaceOrientations = UIInterfaceOrientationPortrait;
				INFOPLIST_KEY_UISupportedInterfaceOrientations_iPad = "UIInterfaceOrientationPortrait UIInterfaceOrientationPortraitUpsideDown";
				IPHONEOS_DEPLOYMENT_TARGET = 15.0;
				LD_RUNPATH_SEARCH_PATHS = (
					"$(inherited)",
					"@executable_path/Frameworks",
				);
				MARKETING_VERSION = 1.0;
				PRODUCT_BUNDLE_IDENTIFIER = Nick.Weather;
				PRODUCT_NAME = "$(TARGET_NAME)";
				SUPPORTED_PLATFORMS = "iphoneos iphonesimulator";
				SUPPORTS_MACCATALYST = NO;
				SUPPORTS_MAC_DESIGNED_FOR_IPHONE_IPAD = NO;
				SUPPORTS_XR_DESIGNED_FOR_IPHONE_IPAD = NO;
				SWIFT_EMIT_LOC_STRINGS = YES;
				SWIFT_VERSION = 5.0;
				TARGETED_DEVICE_FAMILY = 1;
			};
			name = Debug;
		};
		BC02F6BA28C63B5F00066CEF /* Release */ = {
			isa = XCBuildConfiguration;
			buildSettings = {
				ASSETCATALOG_COMPILER_APPICON_NAME = AppIcon;
				ASSETCATALOG_COMPILER_GLOBAL_ACCENT_COLOR_NAME = AccentColor;
				CODE_SIGN_STYLE = Automatic;
				CURRENT_PROJECT_VERSION = 1;
				DEVELOPMENT_ASSET_PATHS = "\"Weather/Preview Content\"";
				DEVELOPMENT_TEAM = V975Z3G3HV;
				ENABLE_PREVIEWS = YES;
				GENERATE_INFOPLIST_FILE = YES;
				INFOPLIST_KEY_UIApplicationSceneManifest_Generation = YES;
				INFOPLIST_KEY_UIApplicationSupportsIndirectInputEvents = YES;
				INFOPLIST_KEY_UILaunchScreen_Generation = YES;
				INFOPLIST_KEY_UISupportedInterfaceOrientations = UIInterfaceOrientationPortrait;
				INFOPLIST_KEY_UISupportedInterfaceOrientations_iPad = "UIInterfaceOrientationPortrait UIInterfaceOrientationPortraitUpsideDown";
				IPHONEOS_DEPLOYMENT_TARGET = 15.0;
				LD_RUNPATH_SEARCH_PATHS = (
					"$(inherited)",
					"@executable_path/Frameworks",
				);
				MARKETING_VERSION = 1.0;
				PRODUCT_BUNDLE_IDENTIFIER = Nick.Weather;
				PRODUCT_NAME = "$(TARGET_NAME)";
				SUPPORTED_PLATFORMS = "iphoneos iphonesimulator";
				SUPPORTS_MACCATALYST = NO;
				SUPPORTS_MAC_DESIGNED_FOR_IPHONE_IPAD = NO;
				SUPPORTS_XR_DESIGNED_FOR_IPHONE_IPAD = NO;
				SWIFT_EMIT_LOC_STRINGS = YES;
				SWIFT_VERSION = 5.0;
				TARGETED_DEVICE_FAMILY = 1;
			};
			name = Release;
		};
/* End XCBuildConfiguration section */

/* Begin XCConfigurationList section */
		BC02F6A528C63B5D00066CEF /* Build configuration list for PBXProject "Weather" */ = {
			isa = XCConfigurationList;
			buildConfigurations = (
				BC02F6B628C63B5F00066CEF /* Debug */,
				BC02F6B728C63B5F00066CEF /* Release */,
			);
			defaultConfigurationIsVisible = 0;
			defaultConfigurationName = Release;
		};
		BC02F6B828C63B5F00066CEF /* Build configuration list for PBXNativeTarget "Weather" */ = {
			isa = XCConfigurationList;
			buildConfigurations = (
				BC02F6B928C63B5F00066CEF /* Debug */,
				BC02F6BA28C63B5F00066CEF /* Release */,
			);
			defaultConfigurationIsVisible = 0;
			defaultConfigurationName = Release;
		};
/* End XCConfigurationList section */
	};
	rootObject = BC02F6A228C63B5D00066CEF /* Project object */;
}
